# This file is automatically @generated by Poetry and should not be changed by hand.

[[package]]
name = "cowsay"
version = "5.0"
description = "The famous cowsay for GNU/Linux is now available for python"
category = "main"
optional = false
python-versions = "*"
files = [
    {file = "cowsay-5.0.tar.gz", hash = "sha256:c00e02444f5bc7332826686bd44d963caabbaba9a804a63153822edce62bbbf3"},
]

[[package]]
name = "toolbox"
version = "0.1.0"
description = "Common toolbox modules to be shared among top level packages"
category = "main"
optional = false
python-versions = "^3.10"
files = []
develop = true

[package.source]
type = "directory"
url = "../toolbox"

[metadata]
lock-version = "2.0"
python-versions = "^3.10"
content-hash = "374173f1aea5a6957859988a11815325e6be243cfdde0fd529448ab9f39a0d2e"
